
Microsoft Visual Studio Solution File, Format Version 12.00
# Visual Studio Version 17
VisualStudioVersion = 17.3.32901.215
MinimumVisualStudioVersion = 10.0.40219.1
Project("{FAE04EC0-301F-11D3-BF4B-00C04F79EFBC}") = "L2PCourseApp", "L2PCourseApp.csproj", "{367C940F-E2D2-4172-9D77-A9A1A03ED520}"
EndProject
Global
	GlobalSection(SolutionConfigurationPlatforms) = preSolution
		Debug|Any CPU = Debug|Any CPU
		Release|Any CPU = Release|Any CPU
	EndGlobalSection
	GlobalSection(ProjectConfigurationPlatforms) = postSolution
		{367C940F-E2D2-4172-9D77-A9A1A03ED520}.Debug|Any CPU.ActiveCfg = Debug|Any CPU
		{367C940F-E2D2-4172-9D77-A9A1A03ED520}.Debug|Any CPU.Build.0 = Debug|Any CPU
		{367C940F-E2D2-4172-9D77-A9A1A03ED520}.Release|Any CPU.ActiveCfg = Release|Any CPU
		{367C940F-E2D2-4172-9D77-A9A1A03ED520}.Release|Any CPU.Build.0 = Release|Any CPU
	EndGlobalSection
	GlobalSection(SolutionProperties) = preSolution
		HideSolutionNode = FALSE
	EndGlobalSection
	GlobalSection(ExtensibilityGlobals) = postSolution
		SolutionGuid = {2C7EE0AF-642B-429C-80BE-09CFDC130534}
	EndGlobalSection
EndGlobal
